
Microsoft Visual Studio Solution File, Format Version 12.00
# Visual Studio Version 16
VisualStudioVersion = 16.0.33529.622
MinimumVisualStudioVersion = 10.0.40219.1
Project("{FAE04EC0-301F-11D3-BF4B-00C04F79EFBC}") = "Devcard_MVC", "Devcard_MVC\Devcard_MVC.csproj", "{CCDCF80D-BDB2-49D8-B82D-40F9E1B12D39}"
EndProject
Global
	GlobalSection(SolutionConfigurationPlatforms) = preSolution
		Debug|Any CPU = Debug|Any CPU
		Release|Any CPU = Release|Any CPU
	EndGlobalSection
	GlobalSection(ProjectConfigurationPlatforms) = postSolution
		{CCDCF80D-BDB2-49D8-B82D-40F9E1B12D39}.Debug|Any CPU.ActiveCfg = Debug|Any CPU
		{CCDCF80D-BDB2-49D8-B82D-40F9E1B12D39}.Debug|Any CPU.Build.0 = Debug|Any CPU
		{CCDCF80D-BDB2-49D8-B82D-40F9E1B12D39}.Release|Any CPU.ActiveCfg = Release|Any CPU
		{CCDCF80D-BDB2-49D8-B82D-40F9E1B12D39}.Release|Any CPU.Build.0 = Release|Any CPU
	EndGlobalSection
	GlobalSection(SolutionProperties) = preSolution
		HideSolutionNode = FALSE
	EndGlobalSection
	GlobalSection(ExtensibilityGlobals) = postSolution
		SolutionGuid = {66EB5080-F326-4F46-88BD-2190852DB867}
	EndGlobalSection
EndGlobal
